
Microsoft Visual Studio Solution File, Format Version 12.00
# Visual Studio 14
VisualStudioVersion = 14.0.25123.0
MinimumVisualStudioVersion = 10.0.40219.1
Project("{F2A71F9B-5D33-465A-A702-920D77279786}") = "AlgebraFs", "AlgebraFs\AlgebraFs.fsproj", "{6C3EF3B7-D4CE-42FB-BAB9-2D3D8AE104B6}"
EndProject
Project("{F2A71F9B-5D33-465A-A702-920D77279786}") = "AlgebraConsole", "AlgebraConsole\AlgebraConsole.fsproj", "{DC82E539-2DF6-4060-AF0F-3F077C43F9A8}"
EndProject
Global
	GlobalSection(SolutionConfigurationPlatforms) = preSolution
		Debug|Any CPU = Debug|Any CPU
		Release|Any CPU = Release|Any CPU
	EndGlobalSection
	GlobalSection(ProjectConfigurationPlatforms) = postSolution
		{6C3EF3B7-D4CE-42FB-BAB9-2D3D8AE104B6}.Debug|Any CPU.ActiveCfg = Debug|Any CPU
		{6C3EF3B7-D4CE-42FB-BAB9-2D3D8AE104B6}.Debug|Any CPU.Build.0 = Debug|Any CPU
		{6C3EF3B7-D4CE-42FB-BAB9-2D3D8AE104B6}.Release|Any CPU.ActiveCfg = Release|Any CPU
		{6C3EF3B7-D4CE-42FB-BAB9-2D3D8AE104B6}.Release|Any CPU.Build.0 = Release|Any CPU
		{DC82E539-2DF6-4060-AF0F-3F077C43F9A8}.Debug|Any CPU.ActiveCfg = Debug|Any CPU
		{DC82E539-2DF6-4060-AF0F-3F077C43F9A8}.Debug|Any CPU.Build.0 = Debug|Any CPU
		{DC82E539-2DF6-4060-AF0F-3F077C43F9A8}.Release|Any CPU.ActiveCfg = Release|Any CPU
		{DC82E539-2DF6-4060-AF0F-3F077C43F9A8}.Release|Any CPU.Build.0 = Release|Any CPU
	EndGlobalSection
	GlobalSection(SolutionProperties) = preSolution
		HideSolutionNode = FALSE
	EndGlobalSection
EndGlobal
